<?xml version="1.0" encoding="utf-8"?>
<Project ToolsVersion="4.0" xmlns="http://schemas.microsoft.com/developer/msbuild/2003">
  <ItemGroup>
    <Filter Include="Source Files">
      <UniqueIdentifier>{4FC737F1-C7A5-4376-A066-2A32D752A2FF}</UniqueIdentifier>
      <Extensions>cpp;c;cc;cxx;def;odl;idl;hpj;bat;asm;asmx</Extensions>
    </Filter>
    <Filter Include="Header Files">
      <UniqueIdentifier>{93995380-89BD-4b04-88EB-625FBE52EBFB}</UniqueIdentifier>
      <Extensions>h;hh;hpp;hxx;hm;inl;inc;xsd</Extensions>
    </Filter>
    <Filter Include="Resource Files">
      <UniqueIdentifier>{67DA6AB6-F800-4c08-8B7A-83BB121AAD01}</UniqueIdentifier>
      <Extensions>mtl;obj;rc;ico;cur;bmp;dlg;rc2;rct;bin;rgs;gif;jpg;jpeg;jpe;resx;tiff;tif;png;wav;mfcribbon-ms</Extensions>
    </Filter>
    <Filter Include="shaders">
      <UniqueIdentifier>{10779686-4010-4cec-91dc-d0de5acb1bc2}</UniqueIdentifier>
    </Filter>
    <Filter Include="Header Files\programs">
      <UniqueIdentifier>{744ad0c9-4762-4874-bbb6-78a0d55f452e}</UniqueIdentifier>
    </Filter>
    <Filter Include="Header Files\objects">
      <UniqueIdentifier>{defbdf4f-e764-47d3-84ee-c7375e79b767}</UniqueIdentifier>
    </Filter>
    <Filter Include="Source Files\programs">
      <UniqueIdentifier>{b1e5dd9e-a6de-49ef-b8ec-fb9e19307202}</UniqueIdentifier>
    </Filter>
    <Filter Include="Source Files\objects">
      <UniqueIdentifier>{45f43476-e484-4975-8565-65f4847fc664}</UniqueIdentifier>
    </Filter>
    <Filter Include="assets">
      <UniqueIdentifier>{df3be0c1-dc64-4368-b0f0-37d080342a3d}</UniqueIdentifier>
      <Extensions>png;</Extensions>
    </Filter>
    <Filter Include="assets\textures">
      <UniqueIdentifier>{c29128fe-2a9d-4c5b-a6ac-1d2e3ca0b405}</UniqueIdentifier>
      <Extensions>png;</Extensions>
    </Filter>
  </ItemGroup>
  <ItemGroup>
    <ClCompile Include="Engine.cpp">
      <Filter>Source Files</Filter>
    </ClCompile>
    <ClCompile Include="main.cpp">
      <Filter>Source Files</Filter>
    </ClCompile>
    <ClCompile Include="Graphics.cpp">
      <Filter>Source Files</Filter>
    </ClCompile>
    <ClCompile Include="Input.cpp">
      <Filter>Source Files</Filter>
    </ClCompile>
    <ClCompile Include="Program.cpp">
      <Filter>Source Files\programs</Filter>
    </ClCompile>
    <ClCompile Include="Program2D.cpp">
      <Filter>Source Files\programs</Filter>
    </ClCompile>
    <ClCompile Include="Entity.cpp">
      <Filter>Source Files\objects</Filter>
    </ClCompile>
    <ClCompile Include="Box.cpp">
      <Filter>Source Files\objects</Filter>
    </ClCompile>
    <ClCompile Include="Texture.cpp">
      <Filter>Source Files</Filter>
    </ClCompile>
    <ClCompile Include="Camera.cpp">
      <Filter>Source Files</Filter>
    </ClCompile>
    <ClCompile Include="Mesh.cpp">
      <Filter>Source Files</Filter>
    </ClCompile>
    <ClCompile Include="Model.cpp">
      <Filter>Source Files</Filter>
    </ClCompile>
    <ClCompile Include="GBuffer.cpp">
      <Filter>Source Files</Filter>
    </ClCompile>
    <ClCompile Include="LightingManager.cpp">
      <Filter>Source Files</Filter>
    </ClCompile>
    <ClCompile Include="ProgramGeometry.cpp">
      <Filter>Source Files\programs</Filter>
    </ClCompile>
    <ClCompile Include="ProgramModel.cpp">
      <Filter>Source Files\programs</Filter>
    </ClCompile>
    <ClCompile Include="ProgramDirLight.cpp">
      <Filter>Source Files\programs</Filter>
    </ClCompile>
    <ClCompile Include="ProgramLight.cpp">
      <Filter>Source Files\programs</Filter>
    </ClCompile>
    <ClCompile Include="ProgramPointLight.cpp">
      <Filter>Source Files\programs</Filter>
    </ClCompile>
    <ClCompile Include="ProgramSpotLight.cpp">
      <Filter>Source Files\programs</Filter>
    </ClCompile>
  </ItemGroup>
  <ItemGroup>
    <ClInclude Include="Engine.h">
      <Filter>Header Files</Filter>
    </ClInclude>
    <ClInclude Include="resource.h">
      <Filter>Header Files</Filter>
    </ClInclude>
    <ClInclude Include="Graphics.h">
      <Filter>Header Files</Filter>
    </ClInclude>
    <ClInclude Include="Input.h">
      <Filter>Header Files</Filter>
    </ClInclude>
    <ClInclude Include="Vertex.h">
      <Filter>Header Files</Filter>
    </ClInclude>
    <ClInclude Include="Program.h">
      <Filter>Header Files\programs</Filter>
    </ClInclude>
    <ClInclude Include="Program2D.h">
      <Filter>Header Files\programs</Filter>
    </ClInclude>
    <ClInclude Include="Entity.h">
      <Filter>Header Files\objects</Filter>
    </ClInclude>
    <ClInclude Include="Box.h">
      <Filter>Header Files\objects</Filter>
    </ClInclude>
    <ClInclude Include="Texture.h">
      <Filter>Header Files</Filter>
    </ClInclude>
    <ClInclude Include="Camera.h">
      <Filter>Header Files</Filter>
    </ClInclude>
    <ClInclude Include="Mesh.h">
      <Filter>Header Files</Filter>
    </ClInclude>
    <ClInclude Include="Model.h">
      <Filter>Header Files</Filter>
    </ClInclude>
    <ClInclude Include="GBuffer.h">
      <Filter>Header Files</Filter>
    </ClInclude>
    <ClInclude Include="Lights.h">
      <Filter>Header Files</Filter>
    </ClInclude>
    <ClInclude Include="LightingManager.h">
      <Filter>Header Files</Filter>
    </ClInclude>
    <ClInclude Include="ProgramGeometry.h">
      <Filter>Header Files\programs</Filter>
    </ClInclude>
    <ClInclude Include="ProgramModel.h">
      <Filter>Header Files\programs</Filter>
    </ClInclude>
    <ClInclude Include="ProgramDirLight.h">
      <Filter>Header Files\programs</Filter>
    </ClInclude>
    <ClInclude Include="ProgramLight.h">
      <Filter>Header Files\programs</Filter>
    </ClInclude>
    <ClInclude Include="ProgramPointLight.h">
      <Filter>Header Files\programs</Filter>
    </ClInclude>
    <ClInclude Include="ProgramSpotLight.h">
      <Filter>Header Files\programs</Filter>
    </ClInclude>
  </ItemGroup>
  <ItemGroup>
    <ResourceCompile Include="OpenGL_Engine.rc">
      <Filter>Resource Files</Filter>
    </ResourceCompile>
  </ItemGroup>
  <ItemGroup>
    <Text Include="shader2D.vs">
      <Filter>shaders</Filter>
    </Text>
  </ItemGroup>
  <ItemGroup>
    <None Include="shader2D.fs">
      <Filter>shaders</Filter>
    </None>
    <None Include="model.fs">
      <Filter>shaders</Filter>
    </None>
    <None Include="model.vs">
      <Filter>shaders</Filter>
    </None>
    <None Include="geometry.vs">
      <Filter>shaders</Filter>
    </None>
    <None Include="geometry.fs">
      <Filter>shaders</Filter>
    </None>
    <None Include="light.vs">
      <Filter>shaders</Filter>
    </None>
    <None Include="dirLight.fs">
      <Filter>shaders</Filter>
    </None>
    <None Include="pointLight.fs">
      <Filter>shaders</Filter>
    </None>
    <None Include="spotLight.fs">
      <Filter>shaders</Filter>
    </None>
  </ItemGroup>
</Project>